
Microsoft Visual Studio Solution File, Format Version 12.00
# Visual Studio Version 17
VisualStudioVersion = 17.3.32929.385
MinimumVisualStudioVersion = 10.0.40219.1
Project("{FAE04EC0-301F-11D3-BF4B-00C04F79EFBC}") = "DBExamples", "DBExamples\DBExamples.csproj", "{6FFB1EC2-527E-44D5-876B-FDB41AEFEC87}"
EndProject
Global
	GlobalSection(SolutionConfigurationPlatforms) = preSolution
		Debug|Any CPU = Debug|Any CPU
		Release|Any CPU = Release|Any CPU
	EndGlobalSection
	GlobalSection(ProjectConfigurationPlatforms) = postSolution
		{6FFB1EC2-527E-44D5-876B-FDB41AEFEC87}.Debug|Any CPU.ActiveCfg = Debug|Any CPU
		{6FFB1EC2-527E-44D5-876B-FDB41AEFEC87}.Debug|Any CPU.Build.0 = Debug|Any CPU
		{6FFB1EC2-527E-44D5-876B-FDB41AEFEC87}.Release|Any CPU.ActiveCfg = Release|Any CPU
		{6FFB1EC2-527E-44D5-876B-FDB41AEFEC87}.Release|Any CPU.Build.0 = Release|Any CPU
	EndGlobalSection
	GlobalSection(SolutionProperties) = preSolution
		HideSolutionNode = FALSE
	EndGlobalSection
	GlobalSection(ExtensibilityGlobals) = postSolution
		SolutionGuid = {398A9F76-792D-4DA0-9010-3DD09E7DBCCC}
	EndGlobalSection
EndGlobal
